// !$*UTF8*$!
{
	archiveVersion = 1;
	classes = {
	};
	objectVersion = 51;
	objects = {

/* Begin PBXBuildFile section */
		2B0C12A423F62F8500A96BCE /* LBPC100Storyboard.storyboard in Resources */ = {isa = PBXBuildFile; fileRef = 2B0C12A323F62F8500A96BCE /* LBPC100Storyboard.storyboard */; };
		2B0C12A623F6311B00A96BCE /* MenuViewController.swift in Sources */ = {isa = PBXBuildFile; fileRef = 2B0C12A523F6311B00A96BCE /* MenuViewController.swift */; };
		2B0C12A823F66D0500A96BCE /* LBPC100ViewController.swift in Sources */ = {isa = PBXBuildFile; fileRef = 2B0C12A723F66D0500A96BCE /* LBPC100ViewController.swift */; };
		2B94503B234726E90007AFA9 /* LBPB100ViewController.swift in Sources */ = {isa = PBXBuildFile; fileRef = 2B94503A234726E90007AFA9 /* LBPB100ViewController.swift */; };
		2B94503D2347270B0007AFA9 /* LBPB100Storyboard.storyboard in Resources */ = {isa = PBXBuildFile; fileRef = 2B94503C2347270B0007AFA9 /* LBPB100Storyboard.storyboard */; };
		2BCA0A722312AF5100B3624A /* AppDelegate.swift in Sources */ = {isa = PBXBuildFile; fileRef = 2BCA0A712312AF5100B3624A /* AppDelegate.swift */; };
		2BCA0A742312AF5100B3624A /* ViewController.swift in Sources */ = {isa = PBXBuildFile; fileRef = 2BCA0A732312AF5100B3624A /* ViewController.swift */; };
		2BCA0A772312AF5100B3624A /* Main.storyboard in Resources */ = {isa = PBXBuildFile; fileRef = 2BCA0A752312AF5100B3624A /* Main.storyboard */; };
		2BCA0A792312AF5200B3624A /* Assets.xcassets in Resources */ = {isa = PBXBuildFile; fileRef = 2BCA0A782312AF5200B3624A /* Assets.xcassets */; };
		2BCA0A7C2312AF5200B3624A /* LaunchScreen.storyboard in Resources */ = {isa = PBXBuildFile; fileRef = 2BCA0A7A2312AF5200B3624A /* LaunchScreen.storyboard */; };
		BB485FC6CC982053CE41C4AB /* Pods_sandbox.framework in Frameworks */ = {isa = PBXBuildFile; fileRef = BDA7C1D105201BF141A26AB9 /* Pods_sandbox.framework */; };
/* End PBXBuildFile section */

/* Begin PBXFileReference section */
		2B0C12A323F62F8500A96BCE /* LBPC100Storyboard.storyboard */ = {isa = PBXFileReference; lastKnownFileType = file.storyboard; path = LBPC100Storyboard.storyboard; sourceTree = "<group>"; };
		2B0C12A523F6311B00A96BCE /* MenuViewController.swift */ = {isa = PBXFileReference; lastKnownFileType = sourcecode.swift; path = MenuViewController.swift; sourceTree = "<group>"; };
		2B0C12A723F66D0500A96BCE /* LBPC100ViewController.swift */ = {isa = PBXFileReference; lastKnownFileType = sourcecode.swift; path = LBPC100ViewController.swift; sourceTree = "<group>"; };
		2B94503A234726E90007AFA9 /* LBPB100ViewController.swift */ = {isa = PBXFileReference; lastKnownFileType = sourcecode.swift; path = LBPB100ViewController.swift; sourceTree = "<group>"; };
		2B94503C2347270B0007AFA9 /* LBPB100Storyboard.storyboard */ = {isa = PBXFileReference; lastKnownFileType = file.storyboard; path = LBPB100Storyboard.storyboard; sourceTree = "<group>"; };
		2BCA0A6E2312AF5100B3624A /* sandbox.app */ = {isa = PBXFileReference; explicitFileType = wrapper.application; includeInIndex = 0; path = sandbox.app; sourceTree = BUILT_PRODUCTS_DIR; };
		2BCA0A712312AF5100B3624A /* AppDelegate.swift */ = {isa = PBXFileReference; lastKnownFileType = sourcecode.swift; path = AppDelegate.swift; sourceTree = "<group>"; };
		2BCA0A732312AF5100B3624A /* ViewController.swift */ = {isa = PBXFileReference; lastKnownFileType = sourcecode.swift; path = ViewController.swift; sourceTree = "<group>"; };
		2BCA0A762312AF5100B3624A /* Base */ = {isa = PBXFileReference; lastKnownFileType = file.storyboard; name = Base; path = Base.lproj/Main.storyboard; sourceTree = "<group>"; };
		2BCA0A782312AF5200B3624A /* Assets.xcassets */ = {isa = PBXFileReference; lastKnownFileType = folder.assetcatalog; path = Assets.xcassets; sourceTree = "<group>"; };
		2BCA0A7B2312AF5200B3624A /* Base */ = {isa = PBXFileReference; lastKnownFileType = file.storyboard; name = Base; path = Base.lproj/LaunchScreen.storyboard; sourceTree = "<group>"; };
		2BCA0A7D2312AF5200B3624A /* Info.plist */ = {isa = PBXFileReference; lastKnownFileType = text.plist.xml; path = Info.plist; sourceTree = "<group>"; };
		2ED139235BBCC86F3C180F92 /* Pods-sandbox.release.xcconfig */ = {isa = PBXFileReference; includeInIndex = 1; lastKnownFileType = text.xcconfig; name = "Pods-sandbox.release.xcconfig"; path = "Target Support Files/Pods-sandbox/Pods-sandbox.release.xcconfig"; sourceTree = "<group>"; };
		BDA7C1D105201BF141A26AB9 /* Pods_sandbox.framework */ = {isa = PBXFileReference; explicitFileType = wrapper.framework; includeInIndex = 0; path = Pods_sandbox.framework; sourceTree = BUILT_PRODUCTS_DIR; };
		D38BF15F3F41B2C9AEFB55BB /* Pods-sandbox.debug.xcconfig */ = {isa = PBXFileReference; includeInIndex = 1; lastKnownFileType = text.xcconfig; name = "Pods-sandbox.debug.xcconfig"; path = "Target Support Files/Pods-sandbox/Pods-sandbox.debug.xcconfig"; sourceTree = "<group>"; };
/* End PBXFileReference section */

/* Begin PBXFrameworksBuildPhase section */
		2BCA0A6B2312AF5100B3624A /* Frameworks */ = {
			isa = PBXFrameworksBuildPhase;
			buildActionMask = 2147483647;
			files = (
				BB485FC6CC982053CE41C4AB /* Pods_sandbox.framework in Frameworks */,
			);
			runOnlyForDeploymentPostprocessing = 0;
		};
/* End PBXFrameworksBuildPhase section */

/* Begin PBXGroup section */
		1B980193F6E51DF887561769 /* Pods */ = {
			isa = PBXGroup;
			children = (
				D38BF15F3F41B2C9AEFB55BB /* Pods-sandbox.debug.xcconfig */,
				2ED139235BBCC86F3C180F92 /* Pods-sandbox.release.xcconfig */,
			);
			path = Pods;
			sourceTree = "<group>";
		};
		2BCA0A652312AF5100B3624A = {
			isa = PBXGroup;
			children = (
				2BCA0A702312AF5100B3624A /* sandbox */,
				2BCA0A6F2312AF5100B3624A /* Products */,
				1B980193F6E51DF887561769 /* Pods */,
				4613533A14DD6D7ECBCE2A92 /* Frameworks */,
			);
			sourceTree = "<group>";
		};
		2BCA0A6F2312AF5100B3624A /* Products */ = {
			isa = PBXGroup;
			children = (
				2BCA0A6E2312AF5100B3624A /* sandbox.app */,
			);
			name = Products;
			sourceTree = "<group>";
		};
		2BCA0A702312AF5100B3624A /* sandbox */ = {
			isa = PBXGroup;
			children = (
				2BCA0A712312AF5100B3624A /* AppDelegate.swift */,
				2BCA0A732312AF5100B3624A /* ViewController.swift */,
				2B0C12A323F62F8500A96BCE /* LBPC100Storyboard.storyboard */,
				2B0C12A723F66D0500A96BCE /* LBPC100ViewController.swift */,
				2B0C12A523F6311B00A96BCE /* MenuViewController.swift */,
				2BCA0A752312AF5100B3624A /* Main.storyboard */,
				2BCA0A782312AF5200B3624A /* Assets.xcassets */,
				2BCA0A7A2312AF5200B3624A /* LaunchScreen.storyboard */,
				2BCA0A7D2312AF5200B3624A /* Info.plist */,
				2B94503A234726E90007AFA9 /* LBPB100ViewController.swift */,
				2B94503C2347270B0007AFA9 /* LBPB100Storyboard.storyboard */,
			);
			path = sandbox;
			sourceTree = "<group>";
		};
		4613533A14DD6D7ECBCE2A92 /* Frameworks */ = {
			isa = PBXGroup;
			children = (
				BDA7C1D105201BF141A26AB9 /* Pods_sandbox.framework */,
			);
			name = Frameworks;
			sourceTree = "<group>";
		};
/* End PBXGroup section */

/* Begin PBXNativeTarget section */
		2BCA0A6D2312AF5100B3624A /* sandbox */ = {
			isa = PBXNativeTarget;
			buildConfigurationList = 2BCA0A802312AF5200B3624A /* Build configuration list for PBXNativeTarget "sandbox" */;
			buildPhases = (
				A4506C9397DC38ED76E3E36F /* [CP] Check Pods Manifest.lock */,
				2BCA0A6A2312AF5100B3624A /* Sources */,
				2BCA0A6B2312AF5100B3624A /* Frameworks */,
				2BCA0A6C2312AF5100B3624A /* Resources */,
				4024CAB68385B05AA43E3885 /* [CP] Embed Pods Frameworks */,
			);
			buildRules = (
			);
			dependencies = (
			);
			name = sandbox;
			productName = sandbox;
			productReference = 2BCA0A6E2312AF5100B3624A /* sandbox.app */;
			productType = "com.apple.product-type.application";
		};
/* End PBXNativeTarget section */

/* Begin PBXProject section */
		2BCA0A662312AF5100B3624A /* Project object */ = {
			isa = PBXProject;
			attributes = {
				LastSwiftUpdateCheck = 1030;
				LastUpgradeCheck = 1030;
				ORGANIZATIONNAME = "吉田　裕澄";
				TargetAttributes = {
					2BCA0A6D2312AF5100B3624A = {
						CreatedOnToolsVersion = 10.3;
					};
				};
			};
			buildConfigurationList = 2BCA0A692312AF5100B3624A /* Build configuration list for PBXProject "sandbox" */;
			compatibilityVersion = "Xcode 9.3";
			developmentRegion = en;
			hasScannedForEncodings = 0;
			knownRegions = (
				en,
				Base,
			);
			mainGroup = 2BCA0A652312AF5100B3624A;
			productRefGroup = 2BCA0A6F2312AF5100B3624A /* Products */;
			projectDirPath = "";
			projectRoot = "";
			targets = (
				2BCA0A6D2312AF5100B3624A /* sandbox */,
			);
		};
/* End PBXProject section */

/* Begin PBXResourcesBuildPhase section */
		2BCA0A6C2312AF5100B3624A /* Resources */ = {
			isa = PBXResourcesBuildPhase;
			buildActionMask = 2147483647;
			files = (
				2BCA0A7C2312AF5200B3624A /* LaunchScreen.storyboard in Resources */,
				2B94503D2347270B0007AFA9 /* LBPB100Storyboard.storyboard in Resources */,
				2BCA0A792312AF5200B3624A /* Assets.xcassets in Resources */,
				2BCA0A772312AF5100B3624A /* Main.storyboard in Resources */,
				2B0C12A423F62F8500A96BCE /* LBPC100Storyboard.storyboard in Resources */,
			);
			runOnlyForDeploymentPostprocessing = 0;
		};
/* End PBXResourcesBuildPhase section */

/* Begin PBXShellScriptBuildPhase section */
		4024CAB68385B05AA43E3885 /* [CP] Embed Pods Frameworks */ = {
			isa = PBXShellScriptBuildPhase;
			buildActionMask = 2147483647;
			files = (
			);
			inputFileListPaths = (
				"${PODS_ROOT}/Target Support Files/Pods-sandbox/Pods-sandbox-frameworks-${CONFIGURATION}-input-files.xcfilelist",
			);
			name = "[CP] Embed Pods Frameworks";
			outputFileListPaths = (
				"${PODS_ROOT}/Target Support Files/Pods-sandbox/Pods-sandbox-frameworks-${CONFIGURATION}-output-files.xcfilelist",
			);
			runOnlyForDeploymentPostprocessing = 0;
			shellPath = /bin/sh;
			shellScript = "\"${PODS_ROOT}/Target Support Files/Pods-sandbox/Pods-sandbox-frameworks.sh\"\n";
			showEnvVarsInLog = 0;
		};
		A4506C9397DC38ED76E3E36F /* [CP] Check Pods Manifest.lock */ = {
			isa = PBXShellScriptBuildPhase;
			buildActionMask = 2147483647;
			files = (
			);
			inputFileListPaths = (
			);
			inputPaths = (
				"${PODS_PODFILE_DIR_PATH}/Podfile.lock",
				"${PODS_ROOT}/Manifest.lock",
			);
			name = "[CP] Check Pods Manifest.lock";
			outputFileListPaths = (
			);
			outputPaths = (
				"$(DERIVED_FILE_DIR)/Pods-sandbox-checkManifestLockResult.txt",
			);
			runOnlyForDeploymentPostprocessing = 0;
			shellPath = /bin/sh;
			shellScript = "diff \"${PODS_PODFILE_DIR_PATH}/Podfile.lock\" \"${PODS_ROOT}/Manifest.lock\" > /dev/null\nif [ $? != 0 ] ; then\n    # print error to STDERR\n    echo \"error: The sandbox is not in sync with the Podfile.lock. Run 'pod install' or update your CocoaPods installation.\" >&2\n    exit 1\nfi\n# This output is used by Xcode 'outputs' to avoid re-running this script phase.\necho \"SUCCESS\" > \"${SCRIPT_OUTPUT_FILE_0}\"\n";
			showEnvVarsInLog = 0;
		};
/* End PBXShellScriptBuildPhase section */

/* Begin PBXSourcesBuildPhase section */
		2BCA0A6A2312AF5100B3624A /* Sources */ = {
			isa = PBXSourcesBuildPhase;
			buildActionMask = 2147483647;
			files = (
				2B94503B234726E90007AFA9 /* LBPB100ViewController.swift in Sources */,
				2B0C12A823F66D0500A96BCE /* LBPC100ViewController.swift in Sources */,
				2BCA0A742312AF5100B3624A /* ViewController.swift in Sources */,
				2BCA0A722312AF5100B3624A /* AppDelegate.swift in Sources */,
				2B0C12A623F6311B00A96BCE /* MenuViewController.swift in Sources */,
			);
			runOnlyForDeploymentPostprocessing = 0;
		};
/* End PBXSourcesBuildPhase section */

/* Begin PBXVariantGroup section */
		2BCA0A752312AF5100B3624A /* Main.storyboard */ = {
			isa = PBXVariantGroup;
			children = (
				2BCA0A762312AF5100B3624A /* Base */,
			);
			name = Main.storyboard;
			sourceTree = "<group>";
		};
		2BCA0A7A2312AF5200B3624A /* LaunchScreen.storyboard */ = {
			isa = PBXVariantGroup;
			children = (
				2BCA0A7B2312AF5200B3624A /* Base */,
			);
			name = LaunchScreen.storyboard;
			sourceTree = "<group>";
		};
/* End PBXVariantGroup section */

/* Begin XCBuildConfiguration section */
		2BCA0A7E2312AF5200B3624A /* Debug */ = {
			isa = XCBuildConfiguration;
			buildSettings = {
				ALWAYS_SEARCH_USER_PATHS = NO;
				CLANG_ANALYZER_NONNULL = YES;
				CLANG_ANALYZER_NUMBER_OBJECT_CONVERSION = YES_AGGRESSIVE;
				CLANG_CXX_LANGUAGE_STANDARD = "gnu++14";
				CLANG_CXX_LIBRARY = "libc++";
				CLANG_ENABLE_MODULES = YES;
				CLANG_ENABLE_OBJC_ARC = YES;
				CLANG_ENABLE_OBJC_WEAK = YES;
				CLANG_WARN_BLOCK_CAPTURE_AUTORELEASING = YES;
				CLANG_WARN_BOOL_CONVERSION = YES;
				CLANG_WARN_COMMA = YES;
				CLANG_WARN_CONSTANT_CONVERSION = YES;
				CLANG_WARN_DEPRECATED_OBJC_IMPLEMENTATIONS = YES;
				CLANG_WARN_DIRECT_OBJC_ISA_USAGE = YES_ERROR;
				CLANG_WARN_DOCUMENTATION_COMMENTS = YES;
				CLANG_WARN_EMPTY_BODY = YES;
				CLANG_WARN_ENUM_CONVERSION = YES;
				CLANG_WARN_INFINITE_RECURSION = YES;
				CLANG_WARN_INT_CONVERSION = YES;
				CLANG_WARN_NON_LITERAL_NULL_CONVERSION = YES;
				CLANG_WARN_OBJC_IMPLICIT_RETAIN_SELF = YES;
				CLANG_WARN_OBJC_LITERAL_CONVERSION = YES;
				CLANG_WARN_OBJC_ROOT_CLASS = YES_ERROR;
				CLANG_WARN_RANGE_LOOP_ANALYSIS = YES;
				CLANG_WARN_STRICT_PROTOTYPES = YES;
				CLANG_WARN_SUSPICIOUS_MOVE = YES;
				CLANG_WARN_UNGUARDED_AVAILABILITY = YES_AGGRESSIVE;
				CLANG_WARN_UNREACHABLE_CODE = YES;
				CLANG_WARN__DUPLICATE_METHOD_MATCH = YES;
				CODE_SIGN_IDENTITY = "iPhone Developer";
				COPY_PHASE_STRIP = NO;
				DEBUG_INFORMATION_FORMAT = dwarf;
				ENABLE_STRICT_OBJC_MSGSEND = YES;
				ENABLE_TESTABILITY = YES;
				GCC_C_LANGUAGE_STANDARD = gnu11;
				GCC_DYNAMIC_NO_PIC = NO;
				GCC_NO_COMMON_BLOCKS = YES;
				GCC_OPTIMIZATION_LEVEL = 0;
				GCC_PREPROCESSOR_DEFINITIONS = (
					"DEBUG=1",
					"$(inherited)",
				);
				GCC_WARN_64_TO_32_BIT_CONVERSION = YES;
				GCC_WARN_ABOUT_RETURN_TYPE = YES_ERROR;
				GCC_WARN_UNDECLARED_SELECTOR = YES;
				GCC_WARN_UNINITIALIZED_AUTOS = YES_AGGRESSIVE;
				GCC_WARN_UNUSED_FUNCTION = YES;
				GCC_WARN_UNUSED_VARIABLE = YES;
				IPHONEOS_DEPLOYMENT_TARGET = 13.2;
				MTL_ENABLE_DEBUG_INFO = INCLUDE_SOURCE;
				MTL_FAST_MATH = YES;
				ONLY_ACTIVE_ARCH = YES;
				SDKROOT = iphoneos;
				SWIFT_ACTIVE_COMPILATION_CONDITIONS = DEBUG;
				SWIFT_OPTIMIZATION_LEVEL = "-Onone";
			};
			name = Debug;
		};
		2BCA0A7F2312AF5200B3624A /* Release */ = {
			isa = XCBuildConfiguration;
			buildSettings = {
				ALWAYS_SEARCH_USER_PATHS = NO;
				CLANG_ANALYZER_NONNULL = YES;
				CLANG_ANALYZER_NUMBER_OBJECT_CONVERSION = YES_AGGRESSIVE;
				CLANG_CXX_LANGUAGE_STANDARD = "gnu++14";
				CLANG_CXX_LIBRARY = "libc++";
				CLANG_ENABLE_MODULES = YES;
				CLANG_ENABLE_OBJC_ARC = YES;
				CLANG_ENABLE_OBJC_WEAK = YES;
				CLANG_WARN_BLOCK_CAPTURE_AUTORELEASING = YES;
				CLANG_WARN_BOOL_CONVERSION = YES;
				CLANG_WARN_COMMA = YES;
				CLANG_WARN_CONSTANT_CONVERSION = YES;
				CLANG_WARN_DEPRECATED_OBJC_IMPLEMENTATIONS = YES;
				CLANG_WARN_DIRECT_OBJC_ISA_USAGE = YES_ERROR;
				CLANG_WARN_DOCUMENTATION_COMMENTS = YES;
				CLANG_WARN_EMPTY_BODY = YES;
				CLANG_WARN_ENUM_CONVERSION = YES;
				CLANG_WARN_INFINITE_RECURSION = YES;
				CLANG_WARN_INT_CONVERSION = YES;
				CLANG_WARN_NON_LITERAL_NULL_CONVERSION = YES;
				CLANG_WARN_OBJC_IMPLICIT_RETAIN_SELF = YES;
				CLANG_WARN_OBJC_LITERAL_CONVERSION = YES;
				CLANG_WARN_OBJC_ROOT_CLASS = YES_ERROR;
				CLANG_WARN_RANGE_LOOP_ANALYSIS = YES;
				CLANG_WARN_STRICT_PROTOTYPES = YES;
				CLANG_WARN_SUSPICIOUS_MOVE = YES;
				CLANG_WARN_UNGUARDED_AVAILABILITY = YES_AGGRESSIVE;
				CLANG_WARN_UNREACHABLE_CODE = YES;
				CLANG_WARN__DUPLICATE_METHOD_MATCH = YES;
				CODE_SIGN_IDENTITY = "iPhone Developer";
				COPY_PHASE_STRIP = NO;
				DEBUG_INFORMATION_FORMAT = "dwarf-with-dsym";
				ENABLE_NS_ASSERTIONS = NO;
				ENABLE_STRICT_OBJC_MSGSEND = YES;
				GCC_C_LANGUAGE_STANDARD = gnu11;
				GCC_NO_COMMON_BLOCKS = YES;
				GCC_WARN_64_TO_32_BIT_CONVERSION = YES;
				GCC_WARN_ABOUT_RETURN_TYPE = YES_ERROR;
				GCC_WARN_UNDECLARED_SELECTOR = YES;
				GCC_WARN_UNINITIALIZED_AUTOS = YES_AGGRESSIVE;
				GCC_WARN_UNUSED_FUNCTION = YES;
				GCC_WARN_UNUSED_VARIABLE = YES;
				IPHONEOS_DEPLOYMENT_TARGET = 13.2;
				MTL_ENABLE_DEBUG_INFO = NO;
				MTL_FAST_MATH = YES;
				SDKROOT = iphoneos;
				SWIFT_COMPILATION_MODE = wholemodule;
				SWIFT_OPTIMIZATION_LEVEL = "-O";
				VALIDATE_PRODUCT = YES;
			};
			name = Release;
		};
		2BCA0A812312AF5200B3624A /* Debug */ = {
			isa = XCBuildConfiguration;
			baseConfigurationReference = D38BF15F3F41B2C9AEFB55BB /* Pods-sandbox.debug.xcconfig */;
			buildSettings = {
				ASSETCATALOG_COMPILER_APPICON_NAME = AppIcon;
				CODE_SIGN_STYLE = Automatic;
				INFOPLIST_FILE = sandbox/Info.plist;
				LD_RUNPATH_SEARCH_PATHS = (
					"$(inherited)",
					"@executable_path/Frameworks",
				);
				PRODUCT_BUNDLE_IDENTIFIER = jp.co.ips.sandbox;
				PRODUCT_NAME = "$(TARGET_NAME)";
				SWIFT_VERSION = 5.0;
				TARGETED_DEVICE_FAMILY = "1,2";
			};
			name = Debug;
		};
		2BCA0A822312AF5200B3624A /* Release */ = {
			isa = XCBuildConfiguration;
			baseConfigurationReference = 2ED139235BBCC86F3C180F92 /* Pods-sandbox.release.xcconfig */;
			buildSettings = {
				ASSETCATALOG_COMPILER_APPICON_NAME = AppIcon;
				CODE_SIGN_STYLE = Automatic;
				INFOPLIST_FILE = sandbox/Info.plist;
				LD_RUNPATH_SEARCH_PATHS = (
					"$(inherited)",
					"@executable_path/Frameworks",
				);
				PRODUCT_BUNDLE_IDENTIFIER = jp.co.ips.sandbox;
				PRODUCT_NAME = "$(TARGET_NAME)";
				SWIFT_VERSION = 5.0;
				TARGETED_DEVICE_FAMILY = "1,2";
			};
			name = Release;
		};
/* End XCBuildConfiguration section */

/* Begin XCConfigurationList section */
		2BCA0A692312AF5100B3624A /* Build configuration list for PBXProject "sandbox" */ = {
			isa = XCConfigurationList;
			buildConfigurations = (
				2BCA0A7E2312AF5200B3624A /* Debug */,
				2BCA0A7F2312AF5200B3624A /* Release */,
			);
			defaultConfigurationIsVisible = 0;
			defaultConfigurationName = Release;
		};
		2BCA0A802312AF5200B3624A /* Build configuration list for PBXNativeTarget "sandbox" */ = {
			isa = XCConfigurationList;
			buildConfigurations = (
				2BCA0A812312AF5200B3624A /* Debug */,
				2BCA0A822312AF5200B3624A /* Release */,
			);
			defaultConfigurationIsVisible = 0;
			defaultConfigurationName = Release;
		};
/* End XCConfigurationList section */
	};
	rootObject = 2BCA0A662312AF5100B3624A /* Project object */;
}
